// !$*UTF8*$!
{
	archiveVersion = 1;
	classes = {
	};
	objectVersion = 48;
	objects = {

/* Begin PBXBuildFile section */
		1733EA3E1F7E166300B3DF1A /* MenuScreen.storyboard in Resources */ = {isa = PBXBuildFile; fileRef = 1733EA401F7E166300B3DF1A /* MenuScreen.storyboard */; };
		1733EA461F7E174E00B3DF1A /* Localizable.strings in Resources */ = {isa = PBXBuildFile; fileRef = 1733EA481F7E174E00B3DF1A /* Localizable.strings */; };
		1733EA4B1F7E20E400B3DF1A /* Localizable.swift in Sources */ = {isa = PBXBuildFile; fileRef = 1733EA4A1F7E20E400B3DF1A /* Localizable.swift */; };
		1733EA4E1F7E2B6100B3DF1A /* RegisterVc.swift in Sources */ = {isa = PBXBuildFile; fileRef = 1733EA4D1F7E2B5D00B3DF1A /* RegisterVc.swift */; };
		1733EA501F7E2B7800B3DF1A /* ForgotPassVC.swift in Sources */ = {isa = PBXBuildFile; fileRef = 1733EA4F1F7E2B7800B3DF1A /* ForgotPassVC.swift */; };
		17443C001F8DFC930037B5DF /* ProfileDeatilVC.swift in Sources */ = {isa = PBXBuildFile; fileRef = 17443BFF1F8DFC930037B5DF /* ProfileDeatilVC.swift */; };
		17443C021F8E291C0037B5DF /* ServiceProvicerSignUpVC.swift in Sources */ = {isa = PBXBuildFile; fileRef = 17443C011F8E291C0037B5DF /* ServiceProvicerSignUpVC.swift */; };
		1751185B1F7D238900D8CBFC /* AppDelegate.swift in Sources */ = {isa = PBXBuildFile; fileRef = 1751185A1F7D238900D8CBFC /* AppDelegate.swift */; };
		1751185D1F7D238900D8CBFC /* ViewController.swift in Sources */ = {isa = PBXBuildFile; fileRef = 1751185C1F7D238900D8CBFC /* ViewController.swift */; };
		175118601F7D238900D8CBFC /* Main.storyboard in Resources */ = {isa = PBXBuildFile; fileRef = 1751185E1F7D238900D8CBFC /* Main.storyboard */; };
		175118621F7D238900D8CBFC /* Assets.xcassets in Resources */ = {isa = PBXBuildFile; fileRef = 175118611F7D238900D8CBFC /* Assets.xcassets */; };
		175118651F7D238900D8CBFC /* LaunchScreen.storyboard in Resources */ = {isa = PBXBuildFile; fileRef = 175118631F7D238900D8CBFC /* LaunchScreen.storyboard */; };
		1781A84E1F7D26EC000D4779 /* CustomToolBar.swift in Sources */ = {isa = PBXBuildFile; fileRef = 1781A8411F7D25FF000D4779 /* CustomToolBar.swift */; };
		1781A84F1F7D26EC000D4779 /* DTTextField.swift in Sources */ = {isa = PBXBuildFile; fileRef = 1781A8421F7D25FF000D4779 /* DTTextField.swift */; };
		1781A8501F7D26EC000D4779 /* Helper.swift in Sources */ = {isa = PBXBuildFile; fileRef = 1781A8431F7D25FF000D4779 /* Helper.swift */; };
		1781A8511F7D26F0000D4779 /* NavigationMenuViewController.swift in Sources */ = {isa = PBXBuildFile; fileRef = 1781A83F1F7D25FF000D4779 /* NavigationMenuViewController.swift */; };
		1781A8531F7D26F7000D4779 /* HostViewController.swift in Sources */ = {isa = PBXBuildFile; fileRef = 1781A83C1F7D25FF000D4779 /* HostViewController.swift */; };
		178A276C1F8B94AE00836AD3 /* SurveyVC.swift in Sources */ = {isa = PBXBuildFile; fileRef = 178A276B1F8B94AE00836AD3 /* SurveyVC.swift */; };
		179B26311F8782C2006AEEBA /* PaymentRecipetVC.swift in Sources */ = {isa = PBXBuildFile; fileRef = 179B26301F8782C2006AEEBA /* PaymentRecipetVC.swift */; };
		17A04BBB1F85FECF007A84F3 /* CosmosDistrib.swift in Sources */ = {isa = PBXBuildFile; fileRef = 17A04BBA1F85FECC007A84F3 /* CosmosDistrib.swift */; };
		17A04BBD1F8614CD007A84F3 /* CreateReqVC.swift in Sources */ = {isa = PBXBuildFile; fileRef = 17A04BBC1F8614CD007A84F3 /* CreateReqVC.swift */; };
		17A04BBF1F864400007A84F3 /* TrackServiceVC.swift in Sources */ = {isa = PBXBuildFile; fileRef = 17A04BBE1F864400007A84F3 /* TrackServiceVC.swift */; };
		17A04BC21F865803007A84F3 /* QuartzCore.framework in Frameworks */ = {isa = PBXBuildFile; fileRef = 17A04BC11F865803007A84F3 /* QuartzCore.framework */; };
		17A04BC41F865810007A84F3 /* CoreGraphics.framework in Frameworks */ = {isa = PBXBuildFile; fileRef = 17A04BC31F865810007A84F3 /* CoreGraphics.framework */; };
		17A04BC61F86581C007A84F3 /* AssetsLibrary.framework in Frameworks */ = {isa = PBXBuildFile; fileRef = 17A04BC51F86581C007A84F3 /* AssetsLibrary.framework */; };
		17A04BC81F865826007A84F3 /* MapKit.framework in Frameworks */ = {isa = PBXBuildFile; fileRef = 17A04BC71F865826007A84F3 /* MapKit.framework */; };
		17A04BCA1F865834007A84F3 /* CFNetwork.framework in Frameworks */ = {isa = PBXBuildFile; fileRef = 17A04BC91F865834007A84F3 /* CFNetwork.framework */; };
		17A04BCC1F865845007A84F3 /* CoreLocation.framework in Frameworks */ = {isa = PBXBuildFile; fileRef = 17A04BCB1F865844007A84F3 /* CoreLocation.framework */; };
		17A04BCE1F86584F007A84F3 /* CoreData.framework in Frameworks */ = {isa = PBXBuildFile; fileRef = 17A04BCD1F86584E007A84F3 /* CoreData.framework */; };
		17A04BD01F86585F007A84F3 /* CoreFoundation.framework in Frameworks */ = {isa = PBXBuildFile; fileRef = 17A04BCF1F86585F007A84F3 /* CoreFoundation.framework */; };
		17A04BD21F865883007A84F3 /* CoreMIDI.framework in Frameworks */ = {isa = PBXBuildFile; fileRef = 17A04BD11F865883007A84F3 /* CoreMIDI.framework */; };
		17B2159B1F84ADE9004FB9B4 /* JobHistoryVC.swift in Sources */ = {isa = PBXBuildFile; fileRef = 17B2159A1F84ADE9004FB9B4 /* JobHistoryVC.swift */; };
		17B2159D1F84DA2F004FB9B4 /* JobProfileVC.swift in Sources */ = {isa = PBXBuildFile; fileRef = 17B2159C1F84DA2F004FB9B4 /* JobProfileVC.swift */; };
		17B215A31F84F0A5004FB9B4 /* DKStickyHeaderView.swift in Sources */ = {isa = PBXBuildFile; fileRef = 17B215A21F84F073004FB9B4 /* DKStickyHeaderView.swift */; };
		17B215A41F84FF50004FB9B4 /* ProfileHeaderView.swift in Sources */ = {isa = PBXBuildFile; fileRef = 17B2159F1F84DD9C004FB9B4 /* ProfileHeaderView.swift */; };
		17B215A51F84FF59004FB9B4 /* ProfileHeaderView.xib in Resources */ = {isa = PBXBuildFile; fileRef = 17B215A01F84DD9C004FB9B4 /* ProfileHeaderView.xib */; };
		17B215A71F851AB1004FB9B4 /* FloatRatingView.swift in Sources */ = {isa = PBXBuildFile; fileRef = 17B215A61F851AB1004FB9B4 /* FloatRatingView.swift */; };
		17BE81061F835F710040CB32 /* SelectServiceVC.swift in Sources */ = {isa = PBXBuildFile; fileRef = 17BE81011F835EA50040CB32 /* SelectServiceVC.swift */; };
		17BE81071F835F740040CB32 /* ServiceReqDetailVC.swift in Sources */ = {isa = PBXBuildFile; fileRef = 17BE81021F835EA50040CB32 /* ServiceReqDetailVC.swift */; };
		17BE81081F835F7B0040CB32 /* EditProfileVC.swift in Sources */ = {isa = PBXBuildFile; fileRef = 17BE81051F835EA50040CB32 /* EditProfileVC.swift */; };
		17BE81111F83A2B00040CB32 /* CustomCamera.swift in Sources */ = {isa = PBXBuildFile; fileRef = 17BE810F1F83A2A70040CB32 /* CustomCamera.swift */; };
		17BE81121F83A2B00040CB32 /* CustomCameraUIDelegate.swift in Sources */ = {isa = PBXBuildFile; fileRef = 17BE81101F83A2A70040CB32 /* CustomCameraUIDelegate.swift */; };
		A4E2BC64832D583EA6AD3DC0 /* Pods_PozList.framework in Frameworks */ = {isa = PBXBuildFile; fileRef = B877FD4080D7821B2AD739BD /* Pods_PozList.framework */; };
/* End PBXBuildFile section */

/* Begin PBXFileReference section */
		1733EA411F7E169000B3DF1A /* Base */ = {isa = PBXFileReference; lastKnownFileType = file.storyboard; name = Base; path = Base.lproj/MenuScreen.storyboard; sourceTree = "<group>"; };
		1733EA471F7E174E00B3DF1A /* en */ = {isa = PBXFileReference; lastKnownFileType = text.plist.strings; name = en; path = en.lproj/Localizable.strings; sourceTree = "<group>"; };
		1733EA4A1F7E20E400B3DF1A /* Localizable.swift */ = {isa = PBXFileReference; lastKnownFileType = sourcecode.swift; path = Localizable.swift; sourceTree = "<group>"; };
		1733EA4D1F7E2B5D00B3DF1A /* RegisterVc.swift */ = {isa = PBXFileReference; lastKnownFileType = sourcecode.swift; path = RegisterVc.swift; sourceTree = "<group>"; };
		1733EA4F1F7E2B7800B3DF1A /* ForgotPassVC.swift */ = {isa = PBXFileReference; lastKnownFileType = sourcecode.swift; path = ForgotPassVC.swift; sourceTree = "<group>"; };
		1733EA521F7E519B00B3DF1A /* BadScript-Regular.ttf */ = {isa = PBXFileReference; lastKnownFileType = file; path = "BadScript-Regular.ttf"; sourceTree = "<group>"; };
		1733EA531F7E519B00B3DF1A /* Lato-Regular.ttf */ = {isa = PBXFileReference; lastKnownFileType = file; path = "Lato-Regular.ttf"; sourceTree = "<group>"; };
		1733EA541F7E519B00B3DF1A /* Roboto-Bold.ttf */ = {isa = PBXFileReference; lastKnownFileType = file; path = "Roboto-Bold.ttf"; sourceTree = "<group>"; };
		1733EA551F7E519B00B3DF1A /* Roboto-Light.ttf */ = {isa = PBXFileReference; lastKnownFileType = file; path = "Roboto-Light.ttf"; sourceTree = "<group>"; };
		1733EA561F7E519B00B3DF1A /* Roboto-Medium.ttf */ = {isa = PBXFileReference; lastKnownFileType = file; path = "Roboto-Medium.ttf"; sourceTree = "<group>"; };
		1733EA571F7E519B00B3DF1A /* Roboto-Regular.ttf */ = {isa = PBXFileReference; lastKnownFileType = file; path = "Roboto-Regular.ttf"; sourceTree = "<group>"; };
		17443BFF1F8DFC930037B5DF /* ProfileDeatilVC.swift */ = {isa = PBXFileReference; lastKnownFileType = sourcecode.swift; path = ProfileDeatilVC.swift; sourceTree = "<group>"; };
		17443C011F8E291C0037B5DF /* ServiceProvicerSignUpVC.swift */ = {isa = PBXFileReference; lastKnownFileType = sourcecode.swift; path = ServiceProvicerSignUpVC.swift; sourceTree = "<group>"; };
		175118571F7D238900D8CBFC /* PozList.app */ = {isa = PBXFileReference; explicitFileType = wrapper.application; includeInIndex = 0; path = PozList.app; sourceTree = BUILT_PRODUCTS_DIR; };
		1751185A1F7D238900D8CBFC /* AppDelegate.swift */ = {isa = PBXFileReference; lastKnownFileType = sourcecode.swift; path = AppDelegate.swift; sourceTree = "<group>"; };
		1751185C1F7D238900D8CBFC /* ViewController.swift */ = {isa = PBXFileReference; lastKnownFileType = sourcecode.swift; path = ViewController.swift; sourceTree = "<group>"; };
		1751185F1F7D238900D8CBFC /* Base */ = {isa = PBXFileReference; lastKnownFileType = file.storyboard; name = Base; path = Base.lproj/Main.storyboard; sourceTree = "<group>"; };
		175118611F7D238900D8CBFC /* Assets.xcassets */ = {isa = PBXFileReference; lastKnownFileType = folder.assetcatalog; path = Assets.xcassets; sourceTree = "<group>"; };
		175118641F7D238900D8CBFC /* Base */ = {isa = PBXFileReference; lastKnownFileType = file.storyboard; name = Base; path = Base.lproj/LaunchScreen.storyboard; sourceTree = "<group>"; };
		175118661F7D238900D8CBFC /* Info.plist */ = {isa = PBXFileReference; lastKnownFileType = text.plist.xml; path = Info.plist; sourceTree = "<group>"; };
		1781A83C1F7D25FF000D4779 /* HostViewController.swift */ = {isa = PBXFileReference; lastKnownFileType = sourcecode.swift; path = HostViewController.swift; sourceTree = "<group>"; };
		1781A83F1F7D25FF000D4779 /* NavigationMenuViewController.swift */ = {isa = PBXFileReference; lastKnownFileType = sourcecode.swift; path = NavigationMenuViewController.swift; sourceTree = "<group>"; };
		1781A8411F7D25FF000D4779 /* CustomToolBar.swift */ = {isa = PBXFileReference; lastKnownFileType = sourcecode.swift; path = CustomToolBar.swift; sourceTree = "<group>"; };
		1781A8421F7D25FF000D4779 /* DTTextField.swift */ = {isa = PBXFileReference; lastKnownFileType = sourcecode.swift; path = DTTextField.swift; sourceTree = "<group>"; };
		1781A8431F7D25FF000D4779 /* Helper.swift */ = {isa = PBXFileReference; lastKnownFileType = sourcecode.swift; path = Helper.swift; sourceTree = "<group>"; };
		178A276B1F8B94AE00836AD3 /* SurveyVC.swift */ = {isa = PBXFileReference; lastKnownFileType = sourcecode.swift; path = SurveyVC.swift; sourceTree = "<group>"; };
		179B26301F8782C2006AEEBA /* PaymentRecipetVC.swift */ = {isa = PBXFileReference; lastKnownFileType = sourcecode.swift; path = PaymentRecipetVC.swift; sourceTree = "<group>"; };
		17A04BBA1F85FECC007A84F3 /* CosmosDistrib.swift */ = {isa = PBXFileReference; lastKnownFileType = sourcecode.swift; path = CosmosDistrib.swift; sourceTree = "<group>"; };
		17A04BBC1F8614CD007A84F3 /* CreateReqVC.swift */ = {isa = PBXFileReference; lastKnownFileType = sourcecode.swift; path = CreateReqVC.swift; sourceTree = "<group>"; };
		17A04BBE1F864400007A84F3 /* TrackServiceVC.swift */ = {isa = PBXFileReference; lastKnownFileType = sourcecode.swift; path = TrackServiceVC.swift; sourceTree = "<group>"; };
		17A04BC01F864DA5007A84F3 /* googleMapsStyle.json */ = {isa = PBXFileReference; lastKnownFileType = text.json; path = googleMapsStyle.json; sourceTree = "<group>"; };
		17A04BC11F865803007A84F3 /* QuartzCore.framework */ = {isa = PBXFileReference; lastKnownFileType = wrapper.framework; name = QuartzCore.framework; path = System/Library/Frameworks/QuartzCore.framework; sourceTree = SDKROOT; };
		17A04BC31F865810007A84F3 /* CoreGraphics.framework */ = {isa = PBXFileReference; lastKnownFileType = wrapper.framework; name = CoreGraphics.framework; path = System/Library/Frameworks/CoreGraphics.framework; sourceTree = SDKROOT; };
		17A04BC51F86581C007A84F3 /* AssetsLibrary.framework */ = {isa = PBXFileReference; lastKnownFileType = wrapper.framework; name = AssetsLibrary.framework; path = System/Library/Frameworks/AssetsLibrary.framework; sourceTree = SDKROOT; };
		17A04BC71F865826007A84F3 /* MapKit.framework */ = {isa = PBXFileReference; lastKnownFileType = wrapper.framework; name = MapKit.framework; path = System/Library/Frameworks/MapKit.framework; sourceTree = SDKROOT; };
		17A04BC91F865834007A84F3 /* CFNetwork.framework */ = {isa = PBXFileReference; lastKnownFileType = wrapper.framework; name = CFNetwork.framework; path = System/Library/Frameworks/CFNetwork.framework; sourceTree = SDKROOT; };
		17A04BCB1F865844007A84F3 /* CoreLocation.framework */ = {isa = PBXFileReference; lastKnownFileType = wrapper.framework; name = CoreLocation.framework; path = System/Library/Frameworks/CoreLocation.framework; sourceTree = SDKROOT; };
		17A04BCD1F86584E007A84F3 /* CoreData.framework */ = {isa = PBXFileReference; lastKnownFileType = wrapper.framework; name = CoreData.framework; path = System/Library/Frameworks/CoreData.framework; sourceTree = SDKROOT; };
		17A04BCF1F86585F007A84F3 /* CoreFoundation.framework */ = {isa = PBXFileReference; lastKnownFileType = wrapper.framework; name = CoreFoundation.framework; path = System/Library/Frameworks/CoreFoundation.framework; sourceTree = SDKROOT; };
		17A04BD11F865883007A84F3 /* CoreMIDI.framework */ = {isa = PBXFileReference; lastKnownFileType = wrapper.framework; name = CoreMIDI.framework; path = System/Library/Frameworks/CoreMIDI.framework; sourceTree = SDKROOT; };
		17B2159A1F84ADE9004FB9B4 /* JobHistoryVC.swift */ = {isa = PBXFileReference; lastKnownFileType = sourcecode.swift; path = JobHistoryVC.swift; sourceTree = "<group>"; };
		17B2159C1F84DA2F004FB9B4 /* JobProfileVC.swift */ = {isa = PBXFileReference; lastKnownFileType = sourcecode.swift; path = JobProfileVC.swift; sourceTree = "<group>"; };
		17B2159F1F84DD9C004FB9B4 /* ProfileHeaderView.swift */ = {isa = PBXFileReference; lastKnownFileType = sourcecode.swift; path = ProfileHeaderView.swift; sourceTree = "<group>"; };
		17B215A01F84DD9C004FB9B4 /* ProfileHeaderView.xib */ = {isa = PBXFileReference; lastKnownFileType = file.xib; path = ProfileHeaderView.xib; sourceTree = "<group>"; };
		17B215A21F84F073004FB9B4 /* DKStickyHeaderView.swift */ = {isa = PBXFileReference; lastKnownFileType = sourcecode.swift; path = DKStickyHeaderView.swift; sourceTree = "<group>"; };
		17B215A61F851AB1004FB9B4 /* FloatRatingView.swift */ = {isa = PBXFileReference; lastKnownFileType = sourcecode.swift; path = FloatRatingView.swift; sourceTree = "<group>"; };
		17BE81011F835EA50040CB32 /* SelectServiceVC.swift */ = {isa = PBXFileReference; lastKnownFileType = sourcecode.swift; path = SelectServiceVC.swift; sourceTree = "<group>"; };
		17BE81021F835EA50040CB32 /* ServiceReqDetailVC.swift */ = {isa = PBXFileReference; lastKnownFileType = sourcecode.swift; path = ServiceReqDetailVC.swift; sourceTree = "<group>"; };
		17BE81051F835EA50040CB32 /* EditProfileVC.swift */ = {isa = PBXFileReference; lastKnownFileType = sourcecode.swift; path = EditProfileVC.swift; sourceTree = "<group>"; };
		17BE810F1F83A2A70040CB32 /* CustomCamera.swift */ = {isa = PBXFileReference; lastKnownFileType = sourcecode.swift; path = CustomCamera.swift; sourceTree = "<group>"; };
		17BE81101F83A2A70040CB32 /* CustomCameraUIDelegate.swift */ = {isa = PBXFileReference; lastKnownFileType = sourcecode.swift; path = CustomCameraUIDelegate.swift; sourceTree = "<group>"; };
		3C528C27B6A44219F905611B /* Pods-PozList.debug.xcconfig */ = {isa = PBXFileReference; includeInIndex = 1; lastKnownFileType = text.xcconfig; name = "Pods-PozList.debug.xcconfig"; path = "Pods/Target Support Files/Pods-PozList/Pods-PozList.debug.xcconfig"; sourceTree = "<group>"; };
		5C1112CC170713AFC479E202 /* Pods-PozList.release.xcconfig */ = {isa = PBXFileReference; includeInIndex = 1; lastKnownFileType = text.xcconfig; name = "Pods-PozList.release.xcconfig"; path = "Pods/Target Support Files/Pods-PozList/Pods-PozList.release.xcconfig"; sourceTree = "<group>"; };
		B877FD4080D7821B2AD739BD /* Pods_PozList.framework */ = {isa = PBXFileReference; explicitFileType = wrapper.framework; includeInIndex = 0; path = Pods_PozList.framework; sourceTree = BUILT_PRODUCTS_DIR; };
/* End PBXFileReference section */

/* Begin PBXFrameworksBuildPhase section */
		175118541F7D238900D8CBFC /* Frameworks */ = {
			isa = PBXFrameworksBuildPhase;
			buildActionMask = 2147483647;
			files = (
				17A04BD21F865883007A84F3 /* CoreMIDI.framework in Frameworks */,
				17A04BD01F86585F007A84F3 /* CoreFoundation.framework in Frameworks */,
				17A04BCE1F86584F007A84F3 /* CoreData.framework in Frameworks */,
				17A04BCC1F865845007A84F3 /* CoreLocation.framework in Frameworks */,
				17A04BCA1F865834007A84F3 /* CFNetwork.framework in Frameworks */,
				17A04BC81F865826007A84F3 /* MapKit.framework in Frameworks */,
				17A04BC61F86581C007A84F3 /* AssetsLibrary.framework in Frameworks */,
				17A04BC41F865810007A84F3 /* CoreGraphics.framework in Frameworks */,
				17A04BC21F865803007A84F3 /* QuartzCore.framework in Frameworks */,
				A4E2BC64832D583EA6AD3DC0 /* Pods_PozList.framework in Frameworks */,
			);
			runOnlyForDeploymentPostprocessing = 0;
		};
/* End PBXFrameworksBuildPhase section */

/* Begin PBXGroup section */
		1733EA4C1F7E2B5D00B3DF1A /* Register_forgot */ = {
			isa = PBXGroup;
			children = (
				1733EA4D1F7E2B5D00B3DF1A /* RegisterVc.swift */,
				17443C011F8E291C0037B5DF /* ServiceProvicerSignUpVC.swift */,
				1733EA4F1F7E2B7800B3DF1A /* ForgotPassVC.swift */,
			);
			path = Register_forgot;
			sourceTree = "<group>";
		};
		1733EA511F7E519B00B3DF1A /* Font */ = {
			isa = PBXGroup;
			children = (
				1733EA521F7E519B00B3DF1A /* BadScript-Regular.ttf */,
				1733EA531F7E519B00B3DF1A /* Lato-Regular.ttf */,
				1733EA541F7E519B00B3DF1A /* Roboto-Bold.ttf */,
				1733EA551F7E519B00B3DF1A /* Roboto-Light.ttf */,
				1733EA561F7E519B00B3DF1A /* Roboto-Medium.ttf */,
				1733EA571F7E519B00B3DF1A /* Roboto-Regular.ttf */,
			);
			path = Font;
			sourceTree = "<group>";
		};
		1751184E1F7D238900D8CBFC = {
			isa = PBXGroup;
			children = (
				175118591F7D238900D8CBFC /* PozList */,
				175118581F7D238900D8CBFC /* Products */,
				9BFECDE42BBAB74DD0262990 /* Pods */,
				24D2DA9FBCE77B9263B79552 /* Frameworks */,
			);
			sourceTree = "<group>";
		};
		175118581F7D238900D8CBFC /* Products */ = {
			isa = PBXGroup;
			children = (
				175118571F7D238900D8CBFC /* PozList.app */,
			);
			name = Products;
			sourceTree = "<group>";
		};
		175118591F7D238900D8CBFC /* PozList */ = {
			isa = PBXGroup;
			children = (
				1751185A1F7D238900D8CBFC /* AppDelegate.swift */,
				1751185C1F7D238900D8CBFC /* ViewController.swift */,
				1733EA4C1F7E2B5D00B3DF1A /* Register_forgot */,
				1781A83B1F7D25FF000D4779 /* MainViewController */,
				1781A8401F7D25FF000D4779 /* ThirdParty */,
				1751185E1F7D238900D8CBFC /* Main.storyboard */,
				1733EA401F7E166300B3DF1A /* MenuScreen.storyboard */,
				1733EA481F7E174E00B3DF1A /* Localizable.strings */,
				17A04BC01F864DA5007A84F3 /* googleMapsStyle.json */,
				175118611F7D238900D8CBFC /* Assets.xcassets */,
				175118631F7D238900D8CBFC /* LaunchScreen.storyboard */,
				175118661F7D238900D8CBFC /* Info.plist */,
			);
			path = PozList;
			sourceTree = "<group>";
		};
		1781A83B1F7D25FF000D4779 /* MainViewController */ = {
			isa = PBXGroup;
			children = (
				1781A83F1F7D25FF000D4779 /* NavigationMenuViewController.swift */,
				1781A83C1F7D25FF000D4779 /* HostViewController.swift */,
				1781A83D1F7D25FF000D4779 /* MainVc */,
			);
			path = MainViewController;
			sourceTree = "<group>";
		};
		1781A83D1F7D25FF000D4779 /* MainVc */ = {
			isa = PBXGroup;
			children = (
				17BE81041F835EA50040CB32 /* Profile */,
				17BE81001F835EA50040CB32 /* CreateRequest */,
				17BE80FF1F835EA50040CB32 /* RequestStatus */,
				17BE81031F835EA50040CB32 /* JobHistory */,
				17BE80FE1F835EA50040CB32 /* Survey */,
			);
			path = MainVc;
			sourceTree = "<group>";
		};
		1781A8401F7D25FF000D4779 /* ThirdParty */ = {
			isa = PBXGroup;
			children = (
				17A04BB91F85FECC007A84F3 /* Distrib */,
				17B215A11F84F073004FB9B4 /* DKStickyHeaderView */,
				1733EA511F7E519B00B3DF1A /* Font */,
				17BE810E1F83A2A70040CB32 /* CustomCameraUIDelegate */,
				1733EA4A1F7E20E400B3DF1A /* Localizable.swift */,
				1781A8411F7D25FF000D4779 /* CustomToolBar.swift */,
				17B215A61F851AB1004FB9B4 /* FloatRatingView.swift */,
				1781A8421F7D25FF000D4779 /* DTTextField.swift */,
				1781A8431F7D25FF000D4779 /* Helper.swift */,
			);
			path = ThirdParty;
			sourceTree = "<group>";
		};
		17A04BB91F85FECC007A84F3 /* Distrib */ = {
			isa = PBXGroup;
			children = (
				17A04BBA1F85FECC007A84F3 /* CosmosDistrib.swift */,
			);
			path = Distrib;
			sourceTree = "<group>";
		};
		17B2159E1F84DD9C004FB9B4 /* ProfileHeaderView */ = {
			isa = PBXGroup;
			children = (
				17B2159F1F84DD9C004FB9B4 /* ProfileHeaderView.swift */,
				17B215A01F84DD9C004FB9B4 /* ProfileHeaderView.xib */,
			);
			path = ProfileHeaderView;
			sourceTree = "<group>";
		};
		17B215A11F84F073004FB9B4 /* DKStickyHeaderView */ = {
			isa = PBXGroup;
			children = (
				17B215A21F84F073004FB9B4 /* DKStickyHeaderView.swift */,
			);
			path = DKStickyHeaderView;
			sourceTree = "<group>";
		};
		17BE80FE1F835EA50040CB32 /* Survey */ = {
			isa = PBXGroup;
			children = (
				178A276B1F8B94AE00836AD3 /* SurveyVC.swift */,
			);
			path = Survey;
			sourceTree = "<group>";
		};
		17BE80FF1F835EA50040CB32 /* RequestStatus */ = {
			isa = PBXGroup;
			children = (
				17A04BBC1F8614CD007A84F3 /* CreateReqVC.swift */,
				17A04BBE1F864400007A84F3 /* TrackServiceVC.swift */,
				179B26301F8782C2006AEEBA /* PaymentRecipetVC.swift */,
			);
			path = RequestStatus;
			sourceTree = "<group>";
		};
		17BE81001F835EA50040CB32 /* CreateRequest */ = {
			isa = PBXGroup;
			children = (
				17BE81011F835EA50040CB32 /* SelectServiceVC.swift */,
				17BE81021F835EA50040CB32 /* ServiceReqDetailVC.swift */,
			);
			path = CreateRequest;
			sourceTree = "<group>";
		};
		17BE81031F835EA50040CB32 /* JobHistory */ = {
			isa = PBXGroup;
			children = (
				17B2159A1F84ADE9004FB9B4 /* JobHistoryVC.swift */,
				17B2159C1F84DA2F004FB9B4 /* JobProfileVC.swift */,
				17B2159E1F84DD9C004FB9B4 /* ProfileHeaderView */,
			);
			path = JobHistory;
			sourceTree = "<group>";
		};
		17BE81041F835EA50040CB32 /* Profile */ = {
			isa = PBXGroup;
			children = (
				17BE81051F835EA50040CB32 /* EditProfileVC.swift */,
				17443BFF1F8DFC930037B5DF /* ProfileDeatilVC.swift */,
			);
			path = Profile;
			sourceTree = "<group>";
		};
		17BE810E1F83A2A70040CB32 /* CustomCameraUIDelegate */ = {
			isa = PBXGroup;
			children = (
				17BE810F1F83A2A70040CB32 /* CustomCamera.swift */,
				17BE81101F83A2A70040CB32 /* CustomCameraUIDelegate.swift */,
			);
			path = CustomCameraUIDelegate;
			sourceTree = "<group>";
		};
		24D2DA9FBCE77B9263B79552 /* Frameworks */ = {
			isa = PBXGroup;
			children = (
				17A04BD11F865883007A84F3 /* CoreMIDI.framework */,
				17A04BCF1F86585F007A84F3 /* CoreFoundation.framework */,
				17A04BCD1F86584E007A84F3 /* CoreData.framework */,
				17A04BCB1F865844007A84F3 /* CoreLocation.framework */,
				17A04BC91F865834007A84F3 /* CFNetwork.framework */,
				17A04BC71F865826007A84F3 /* MapKit.framework */,
				17A04BC51F86581C007A84F3 /* AssetsLibrary.framework */,
				17A04BC31F865810007A84F3 /* CoreGraphics.framework */,
				17A04BC11F865803007A84F3 /* QuartzCore.framework */,
				B877FD4080D7821B2AD739BD /* Pods_PozList.framework */,
			);
			name = Frameworks;
			sourceTree = "<group>";
		};
		9BFECDE42BBAB74DD0262990 /* Pods */ = {
			isa = PBXGroup;
			children = (
				3C528C27B6A44219F905611B /* Pods-PozList.debug.xcconfig */,
				5C1112CC170713AFC479E202 /* Pods-PozList.release.xcconfig */,
			);
			name = Pods;
			sourceTree = "<group>";
		};
/* End PBXGroup section */

/* Begin PBXNativeTarget section */
		175118561F7D238900D8CBFC /* PozList */ = {
			isa = PBXNativeTarget;
			buildConfigurationList = 175118691F7D238900D8CBFC /* Build configuration list for PBXNativeTarget "PozList" */;
			buildPhases = (
				774F8FFC80AB540705C11C81 /* [CP] Check Pods Manifest.lock */,
				175118531F7D238900D8CBFC /* Sources */,
				175118541F7D238900D8CBFC /* Frameworks */,
				175118551F7D238900D8CBFC /* Resources */,
				3F22B96A7E7A98BD32BC6AD9 /* [CP] Embed Pods Frameworks */,
				42596688796801DB0B884165 /* [CP] Copy Pods Resources */,
			);
			buildRules = (
			);
			dependencies = (
			);
			name = PozList;
			productName = PozList;
			productReference = 175118571F7D238900D8CBFC /* PozList.app */;
			productType = "com.apple.product-type.application";
		};
/* End PBXNativeTarget section */

/* Begin PBXProject section */
		1751184F1F7D238900D8CBFC /* Project object */ = {
			isa = PBXProject;
			attributes = {
				LastSwiftUpdateCheck = 0900;
				LastUpgradeCheck = 0900;
				ORGANIZATIONNAME = "Devubha Manek";
				TargetAttributes = {
					175118561F7D238900D8CBFC = {
						CreatedOnToolsVersion = 9.0;
						ProvisioningStyle = Automatic;
					};
				};
			};
			buildConfigurationList = 175118521F7D238900D8CBFC /* Build configuration list for PBXProject "PozList" */;
			compatibilityVersion = "Xcode 8.0";
			developmentRegion = en;
			hasScannedForEncodings = 0;
			knownRegions = (
				en,
				Base,
			);
			mainGroup = 1751184E1F7D238900D8CBFC;
			productRefGroup = 175118581F7D238900D8CBFC /* Products */;
			projectDirPath = "";
			projectRoot = "";
			targets = (
				175118561F7D238900D8CBFC /* PozList */,
			);
		};
/* End PBXProject section */

/* Begin PBXResourcesBuildPhase section */
		175118551F7D238900D8CBFC /* Resources */ = {
			isa = PBXResourcesBuildPhase;
			buildActionMask = 2147483647;
			files = (
				1733EA461F7E174E00B3DF1A /* Localizable.strings in Resources */,
				17B215A51F84FF59004FB9B4 /* ProfileHeaderView.xib in Resources */,
				175118651F7D238900D8CBFC /* LaunchScreen.storyboard in Resources */,
				1733EA3E1F7E166300B3DF1A /* MenuScreen.storyboard in Resources */,
				175118621F7D238900D8CBFC /* Assets.xcassets in Resources */,
				175118601F7D238900D8CBFC /* Main.storyboard in Resources */,
			);
			runOnlyForDeploymentPostprocessing = 0;
		};
/* End PBXResourcesBuildPhase section */

/* Begin PBXShellScriptBuildPhase section */
		3F22B96A7E7A98BD32BC6AD9 /* [CP] Embed Pods Frameworks */ = {
			isa = PBXShellScriptBuildPhase;
			buildActionMask = 2147483647;
			files = (
			);
			inputPaths = (
				"${SRCROOT}/Pods/Target Support Files/Pods-PozList/Pods-PozList-frameworks.sh",
				"${BUILT_PRODUCTS_DIR}/DKImagePickerController/DKImagePickerController.framework",
				"${BUILT_PRODUCTS_DIR}/IQKeyboardManagerSwift/IQKeyboardManagerSwift.framework",
				"${BUILT_PRODUCTS_DIR}/InteractiveSideMenu/InteractiveSideMenu.framework",
				"${BUILT_PRODUCTS_DIR}/SkyFloatingLabelTextField/SkyFloatingLabelTextField.framework",
			);
			name = "[CP] Embed Pods Frameworks";
			outputPaths = (
				"${TARGET_BUILD_DIR}/${FRAMEWORKS_FOLDER_PATH}/DKImagePickerController.framework",
				"${TARGET_BUILD_DIR}/${FRAMEWORKS_FOLDER_PATH}/IQKeyboardManagerSwift.framework",
				"${TARGET_BUILD_DIR}/${FRAMEWORKS_FOLDER_PATH}/InteractiveSideMenu.framework",
				"${TARGET_BUILD_DIR}/${FRAMEWORKS_FOLDER_PATH}/SkyFloatingLabelTextField.framework",
			);
			runOnlyForDeploymentPostprocessing = 0;
			shellPath = /bin/sh;
			shellScript = "\"${SRCROOT}/Pods/Target Support Files/Pods-PozList/Pods-PozList-frameworks.sh\"\n";
			showEnvVarsInLog = 0;
		};
		42596688796801DB0B884165 /* [CP] Copy Pods Resources */ = {
			isa = PBXShellScriptBuildPhase;
			buildActionMask = 2147483647;
			files = (
			);
			inputPaths = (
				"${SRCROOT}/Pods/Target Support Files/Pods-PozList/Pods-PozList-resources.sh",
				"${PODS_ROOT}/GoogleMaps/Maps/Frameworks/GoogleMaps.framework/Resources/GoogleMaps.bundle",
				"${PODS_ROOT}/GooglePlaces/Frameworks/GooglePlaces.framework/Resources/GooglePlaces.bundle",
			);
			name = "[CP] Copy Pods Resources";
			outputPaths = (
				"${TARGET_BUILD_DIR}/${UNLOCALIZED_RESOURCES_FOLDER_PATH}",
			);
			runOnlyForDeploymentPostprocessing = 0;
			shellPath = /bin/sh;
			shellScript = "\"${SRCROOT}/Pods/Target Support Files/Pods-PozList/Pods-PozList-resources.sh\"\n";
			showEnvVarsInLog = 0;
		};
		774F8FFC80AB540705C11C81 /* [CP] Check Pods Manifest.lock */ = {
			isa = PBXShellScriptBuildPhase;
			buildActionMask = 2147483647;
			files = (
			);
			inputPaths = (
				"${PODS_PODFILE_DIR_PATH}/Podfile.lock",
				"${PODS_ROOT}/Manifest.lock",
			);
			name = "[CP] Check Pods Manifest.lock";
			outputPaths = (
				"$(DERIVED_FILE_DIR)/Pods-PozList-checkManifestLockResult.txt",
			);
			runOnlyForDeploymentPostprocessing = 0;
			shellPath = /bin/sh;
			shellScript = "diff \"${PODS_PODFILE_DIR_PATH}/Podfile.lock\" \"${PODS_ROOT}/Manifest.lock\" > /dev/null\nif [ $? != 0 ] ; then\n    # print error to STDERR\n    echo \"error: The sandbox is not in sync with the Podfile.lock. Run 'pod install' or update your CocoaPods installation.\" >&2\n    exit 1\nfi\n# This output is used by Xcode 'outputs' to avoid re-running this script phase.\necho \"SUCCESS\" > \"${SCRIPT_OUTPUT_FILE_0}\"\n";
			showEnvVarsInLog = 0;
		};
/* End PBXShellScriptBuildPhase section */

/* Begin PBXSourcesBuildPhase section */
		175118531F7D238900D8CBFC /* Sources */ = {
			isa = PBXSourcesBuildPhase;
			buildActionMask = 2147483647;
			files = (
				178A276C1F8B94AE00836AD3 /* SurveyVC.swift in Sources */,
				1781A84E1F7D26EC000D4779 /* CustomToolBar.swift in Sources */,
				1733EA501F7E2B7800B3DF1A /* ForgotPassVC.swift in Sources */,
				1751185D1F7D238900D8CBFC /* ViewController.swift in Sources */,
				17B2159B1F84ADE9004FB9B4 /* JobHistoryVC.swift in Sources */,
				1733EA4B1F7E20E400B3DF1A /* Localizable.swift in Sources */,
				17BE81071F835F740040CB32 /* ServiceReqDetailVC.swift in Sources */,
				17B2159D1F84DA2F004FB9B4 /* JobProfileVC.swift in Sources */,
				17A04BBD1F8614CD007A84F3 /* CreateReqVC.swift in Sources */,
				17443C001F8DFC930037B5DF /* ProfileDeatilVC.swift in Sources */,
				1733EA4E1F7E2B6100B3DF1A /* RegisterVc.swift in Sources */,
				1781A84F1F7D26EC000D4779 /* DTTextField.swift in Sources */,
				1751185B1F7D238900D8CBFC /* AppDelegate.swift in Sources */,
				17443C021F8E291C0037B5DF /* ServiceProvicerSignUpVC.swift in Sources */,
				17B215A41F84FF50004FB9B4 /* ProfileHeaderView.swift in Sources */,
				179B26311F8782C2006AEEBA /* PaymentRecipetVC.swift in Sources */,
				17A04BBB1F85FECF007A84F3 /* CosmosDistrib.swift in Sources */,
				17BE81121F83A2B00040CB32 /* CustomCameraUIDelegate.swift in Sources */,
				1781A8531F7D26F7000D4779 /* HostViewController.swift in Sources */,
				17BE81111F83A2B00040CB32 /* CustomCamera.swift in Sources */,
				1781A8501F7D26EC000D4779 /* Helper.swift in Sources */,
				1781A8511F7D26F0000D4779 /* NavigationMenuViewController.swift in Sources */,
				17A04BBF1F864400007A84F3 /* TrackServiceVC.swift in Sources */,
				17BE81061F835F710040CB32 /* SelectServiceVC.swift in Sources */,
				17BE81081F835F7B0040CB32 /* EditProfileVC.swift in Sources */,
				17B215A71F851AB1004FB9B4 /* FloatRatingView.swift in Sources */,
				17B215A31F84F0A5004FB9B4 /* DKStickyHeaderView.swift in Sources */,
			);
			runOnlyForDeploymentPostprocessing = 0;
		};
/* End PBXSourcesBuildPhase section */

/* Begin PBXVariantGroup section */
		1733EA401F7E166300B3DF1A /* MenuScreen.storyboard */ = {
			isa = PBXVariantGroup;
			children = (
				1733EA411F7E169000B3DF1A /* Base */,
			);
			name = MenuScreen.storyboard;
			sourceTree = "<group>";
		};
		1733EA481F7E174E00B3DF1A /* Localizable.strings */ = {
			isa = PBXVariantGroup;
			children = (
				1733EA471F7E174E00B3DF1A /* en */,
			);
			name = Localizable.strings;
			sourceTree = "<group>";
		};
		1751185E1F7D238900D8CBFC /* Main.storyboard */ = {
			isa = PBXVariantGroup;
			children = (
				1751185F1F7D238900D8CBFC /* Base */,
			);
			name = Main.storyboard;
			sourceTree = "<group>";
		};
		175118631F7D238900D8CBFC /* LaunchScreen.storyboard */ = {
			isa = PBXVariantGroup;
			children = (
				175118641F7D238900D8CBFC /* Base */,
			);
			name = LaunchScreen.storyboard;
			sourceTree = "<group>";
		};
/* End PBXVariantGroup section */

/* Begin XCBuildConfiguration section */
		175118671F7D238900D8CBFC /* Debug */ = {
			isa = XCBuildConfiguration;
			buildSettings = {
				ALWAYS_SEARCH_USER_PATHS = NO;
				CLANG_ANALYZER_NONNULL = YES;
				CLANG_ANALYZER_NUMBER_OBJECT_CONVERSION = YES_AGGRESSIVE;
				CLANG_CXX_LANGUAGE_STANDARD = "gnu++14";
				CLANG_CXX_LIBRARY = "libc++";
				CLANG_ENABLE_MODULES = YES;
				CLANG_ENABLE_OBJC_ARC = YES;
				CLANG_WARN_BLOCK_CAPTURE_AUTORELEASING = YES;
				CLANG_WARN_BOOL_CONVERSION = YES;
				CLANG_WARN_COMMA = YES;
				CLANG_WARN_CONSTANT_CONVERSION = YES;
				CLANG_WARN_DIRECT_OBJC_ISA_USAGE = YES_ERROR;
				CLANG_WARN_DOCUMENTATION_COMMENTS = YES;
				CLANG_WARN_EMPTY_BODY = YES;
				CLANG_WARN_ENUM_CONVERSION = YES;
				CLANG_WARN_INFINITE_RECURSION = YES;
				CLANG_WARN_INT_CONVERSION = YES;
				CLANG_WARN_NON_LITERAL_NULL_CONVERSION = YES;
				CLANG_WARN_OBJC_LITERAL_CONVERSION = YES;
				CLANG_WARN_OBJC_ROOT_CLASS = YES_ERROR;
				CLANG_WARN_RANGE_LOOP_ANALYSIS = YES;
				CLANG_WARN_STRICT_PROTOTYPES = YES;
				CLANG_WARN_SUSPICIOUS_MOVE = YES;
				CLANG_WARN_UNGUARDED_AVAILABILITY = YES_AGGRESSIVE;
				CLANG_WARN_UNREACHABLE_CODE = YES;
				CLANG_WARN__DUPLICATE_METHOD_MATCH = YES;
				CODE_SIGN_IDENTITY = "iPhone Developer";
				COPY_PHASE_STRIP = NO;
				DEBUG_INFORMATION_FORMAT = dwarf;
				ENABLE_STRICT_OBJC_MSGSEND = YES;
				ENABLE_TESTABILITY = YES;
				GCC_C_LANGUAGE_STANDARD = gnu11;
				GCC_DYNAMIC_NO_PIC = NO;
				GCC_NO_COMMON_BLOCKS = YES;
				GCC_OPTIMIZATION_LEVEL = 0;
				GCC_PREPROCESSOR_DEFINITIONS = (
					"DEBUG=1",
					"$(inherited)",
				);
				GCC_WARN_64_TO_32_BIT_CONVERSION = YES;
				GCC_WARN_ABOUT_RETURN_TYPE = YES_ERROR;
				GCC_WARN_UNDECLARED_SELECTOR = YES;
				GCC_WARN_UNINITIALIZED_AUTOS = YES_AGGRESSIVE;
				GCC_WARN_UNUSED_FUNCTION = YES;
				GCC_WARN_UNUSED_VARIABLE = YES;
				IPHONEOS_DEPLOYMENT_TARGET = 9.0;
				MTL_ENABLE_DEBUG_INFO = YES;
				ONLY_ACTIVE_ARCH = YES;
				SDKROOT = iphoneos;
				SWIFT_ACTIVE_COMPILATION_CONDITIONS = DEBUG;
				SWIFT_OPTIMIZATION_LEVEL = "-Onone";
			};
			name = Debug;
		};
		175118681F7D238900D8CBFC /* Release */ = {
			isa = XCBuildConfiguration;
			buildSettings = {
				ALWAYS_SEARCH_USER_PATHS = NO;
				CLANG_ANALYZER_NONNULL = YES;
				CLANG_ANALYZER_NUMBER_OBJECT_CONVERSION = YES_AGGRESSIVE;
				CLANG_CXX_LANGUAGE_STANDARD = "gnu++14";
				CLANG_CXX_LIBRARY = "libc++";
				CLANG_ENABLE_MODULES = YES;
				CLANG_ENABLE_OBJC_ARC = YES;
				CLANG_WARN_BLOCK_CAPTURE_AUTORELEASING = YES;
				CLANG_WARN_BOOL_CONVERSION = YES;
				CLANG_WARN_COMMA = YES;
				CLANG_WARN_CONSTANT_CONVERSION = YES;
				CLANG_WARN_DIRECT_OBJC_ISA_USAGE = YES_ERROR;
				CLANG_WARN_DOCUMENTATION_COMMENTS = YES;
				CLANG_WARN_EMPTY_BODY = YES;
				CLANG_WARN_ENUM_CONVERSION = YES;
				CLANG_WARN_INFINITE_RECURSION = YES;
				CLANG_WARN_INT_CONVERSION = YES;
				CLANG_WARN_NON_LITERAL_NULL_CONVERSION = YES;
				CLANG_WARN_OBJC_LITERAL_CONVERSION = YES;
				CLANG_WARN_OBJC_ROOT_CLASS = YES_ERROR;
				CLANG_WARN_RANGE_LOOP_ANALYSIS = YES;
				CLANG_WARN_STRICT_PROTOTYPES = YES;
				CLANG_WARN_SUSPICIOUS_MOVE = YES;
				CLANG_WARN_UNGUARDED_AVAILABILITY = YES_AGGRESSIVE;
				CLANG_WARN_UNREACHABLE_CODE = YES;
				CLANG_WARN__DUPLICATE_METHOD_MATCH = YES;
				CODE_SIGN_IDENTITY = "iPhone Developer";
				COPY_PHASE_STRIP = NO;
				DEBUG_INFORMATION_FORMAT = "dwarf-with-dsym";
				ENABLE_NS_ASSERTIONS = NO;
				ENABLE_STRICT_OBJC_MSGSEND = YES;
				GCC_C_LANGUAGE_STANDARD = gnu11;
				GCC_NO_COMMON_BLOCKS = YES;
				GCC_WARN_64_TO_32_BIT_CONVERSION = YES;
				GCC_WARN_ABOUT_RETURN_TYPE = YES_ERROR;
				GCC_WARN_UNDECLARED_SELECTOR = YES;
				GCC_WARN_UNINITIALIZED_AUTOS = YES_AGGRESSIVE;
				GCC_WARN_UNUSED_FUNCTION = YES;
				GCC_WARN_UNUSED_VARIABLE = YES;
				IPHONEOS_DEPLOYMENT_TARGET = 9.0;
				MTL_ENABLE_DEBUG_INFO = NO;
				SDKROOT = iphoneos;
				SWIFT_OPTIMIZATION_LEVEL = "-Owholemodule";
				VALIDATE_PRODUCT = YES;
			};
			name = Release;
		};
		1751186A1F7D238900D8CBFC /* Debug */ = {
			isa = XCBuildConfiguration;
			baseConfigurationReference = 3C528C27B6A44219F905611B /* Pods-PozList.debug.xcconfig */;
			buildSettings = {
				ASSETCATALOG_COMPILER_APPICON_NAME = AppIcon;
				CODE_SIGN_STYLE = Automatic;
				DEVELOPMENT_TEAM = CJESF9R9MD;
				INFOPLIST_FILE = PozList/Info.plist;
				IPHONEOS_DEPLOYMENT_TARGET = 9.0;
				LD_RUNPATH_SEARCH_PATHS = "$(inherited) @executable_path/Frameworks";
				PRODUCT_BUNDLE_IDENTIFIER = com.test.PozList;
				PRODUCT_NAME = "$(TARGET_NAME)";
				SWIFT_VERSION = 4.0;
				TARGETED_DEVICE_FAMILY = "1,2";
			};
			name = Debug;
		};
		1751186B1F7D238900D8CBFC /* Release */ = {
			isa = XCBuildConfiguration;
			baseConfigurationReference = 5C1112CC170713AFC479E202 /* Pods-PozList.release.xcconfig */;
			buildSettings = {
				ASSETCATALOG_COMPILER_APPICON_NAME = AppIcon;
				CODE_SIGN_STYLE = Automatic;
				DEVELOPMENT_TEAM = CJESF9R9MD;
				INFOPLIST_FILE = PozList/Info.plist;
				IPHONEOS_DEPLOYMENT_TARGET = 9.0;
				LD_RUNPATH_SEARCH_PATHS = "$(inherited) @executable_path/Frameworks";
				PRODUCT_BUNDLE_IDENTIFIER = com.test.PozList;
				PRODUCT_NAME = "$(TARGET_NAME)";
				SWIFT_VERSION = 4.0;
				TARGETED_DEVICE_FAMILY = "1,2";
			};
			name = Release;
		};
/* End XCBuildConfiguration section */

/* Begin XCConfigurationList section */
		175118521F7D238900D8CBFC /* Build configuration list for PBXProject "PozList" */ = {
			isa = XCConfigurationList;
			buildConfigurations = (
				175118671F7D238900D8CBFC /* Debug */,
				175118681F7D238900D8CBFC /* Release */,
			);
			defaultConfigurationIsVisible = 0;
			defaultConfigurationName = Release;
		};
		175118691F7D238900D8CBFC /* Build configuration list for PBXNativeTarget "PozList" */ = {
			isa = XCConfigurationList;
			buildConfigurations = (
				1751186A1F7D238900D8CBFC /* Debug */,
				1751186B1F7D238900D8CBFC /* Release */,
			);
			defaultConfigurationIsVisible = 0;
			defaultConfigurationName = Release;
		};
/* End XCConfigurationList section */
	};
	rootObject = 1751184F1F7D238900D8CBFC /* Project object */;
}
